
Microsoft Visual Studio Solution File, Format Version 12.00
# Visual Studio Version 17
VisualStudioVersion = 17.7.34202.233
MinimumVisualStudioVersion = 10.0.40219.1
Project("{FAE04EC0-301F-11D3-BF4B-00C04F79EFBC}") = "hw18.11", "hw18.11\hw18.11.csproj", "{80463B91-A18C-4FD6-8CE7-15FDF32F11E3}"
EndProject
Project("{FAE04EC0-301F-11D3-BF4B-00C04F79EFBC}") = "task", "task\task.csproj", "{2B1EBB1B-5687-44D6-97F2-B5E8F7686AE3}"
EndProject
Global
	GlobalSection(SolutionConfigurationPlatforms) = preSolution
		Debug|Any CPU = Debug|Any CPU
		Release|Any CPU = Release|Any CPU
	EndGlobalSection
	GlobalSection(ProjectConfigurationPlatforms) = postSolution
		{80463B91-A18C-4FD6-8CE7-15FDF32F11E3}.Debug|Any CPU.ActiveCfg = Debug|Any CPU
		{80463B91-A18C-4FD6-8CE7-15FDF32F11E3}.Debug|Any CPU.Build.0 = Debug|Any CPU
		{80463B91-A18C-4FD6-8CE7-15FDF32F11E3}.Release|Any CPU.ActiveCfg = Release|Any CPU
		{80463B91-A18C-4FD6-8CE7-15FDF32F11E3}.Release|Any CPU.Build.0 = Release|Any CPU
		{2B1EBB1B-5687-44D6-97F2-B5E8F7686AE3}.Debug|Any CPU.ActiveCfg = Debug|Any CPU
		{2B1EBB1B-5687-44D6-97F2-B5E8F7686AE3}.Debug|Any CPU.Build.0 = Debug|Any CPU
		{2B1EBB1B-5687-44D6-97F2-B5E8F7686AE3}.Release|Any CPU.ActiveCfg = Release|Any CPU
		{2B1EBB1B-5687-44D6-97F2-B5E8F7686AE3}.Release|Any CPU.Build.0 = Release|Any CPU
	EndGlobalSection
	GlobalSection(SolutionProperties) = preSolution
		HideSolutionNode = FALSE
	EndGlobalSection
	GlobalSection(ExtensibilityGlobals) = postSolution
		SolutionGuid = {6B6A8253-7096-4A5C-BDE5-BAF11F1C6805}
	EndGlobalSection
EndGlobal
